
Microsoft Visual Studio Solution File, Format Version 12.00
# Visual Studio Version 17
VisualStudioVersion = 17.6.33815.320
MinimumVisualStudioVersion = 10.0.40219.1
Project("{FAE04EC0-301F-11D3-BF4B-00C04F79EFBC}") = "ELearning", "ELearning\ELearning.csproj", "{48A6E5E6-207B-43F6-A277-09D0A167A618}"
EndProject
Project("{FAE04EC0-301F-11D3-BF4B-00C04F79EFBC}") = "WebApi", "WebApi\WebApi.csproj", "{395C8C1C-38DF-40CA-838D-8561D039C7C6}"
EndProject
Project("{FAE04EC0-301F-11D3-BF4B-00C04F79EFBC}") = "DataAccessLayer", "DataAccessLayer\DataAccessLayer.csproj", "{ADD6C515-1FAB-479A-89F0-EFD08D8AE0B1}"
EndProject
Project("{FAE04EC0-301F-11D3-BF4B-00C04F79EFBC}") = "BusinessLogicLayer", "BusinessLogicLayer\BusinessLogicLayer.csproj", "{AD0A5EB1-1E7E-43B5-86A5-85F84863C196}"
EndProject
Project("{FAE04EC0-301F-11D3-BF4B-00C04F79EFBC}") = "BusinessEntityLayer", "BusinessEntityLayer\BusinessEntityLayer.csproj", "{3008D0BD-BCE5-44FB-8623-8E80170E55C3}"
EndProject
Global
	GlobalSection(SolutionConfigurationPlatforms) = preSolution
		Debug|Any CPU = Debug|Any CPU
		Release|Any CPU = Release|Any CPU
	EndGlobalSection
	GlobalSection(ProjectConfigurationPlatforms) = postSolution
		{48A6E5E6-207B-43F6-A277-09D0A167A618}.Debug|Any CPU.ActiveCfg = Debug|Any CPU
		{48A6E5E6-207B-43F6-A277-09D0A167A618}.Debug|Any CPU.Build.0 = Debug|Any CPU
		{48A6E5E6-207B-43F6-A277-09D0A167A618}.Release|Any CPU.ActiveCfg = Release|Any CPU
		{48A6E5E6-207B-43F6-A277-09D0A167A618}.Release|Any CPU.Build.0 = Release|Any CPU
		{395C8C1C-38DF-40CA-838D-8561D039C7C6}.Debug|Any CPU.ActiveCfg = Debug|Any CPU
		{395C8C1C-38DF-40CA-838D-8561D039C7C6}.Debug|Any CPU.Build.0 = Debug|Any CPU
		{395C8C1C-38DF-40CA-838D-8561D039C7C6}.Release|Any CPU.ActiveCfg = Release|Any CPU
		{395C8C1C-38DF-40CA-838D-8561D039C7C6}.Release|Any CPU.Build.0 = Release|Any CPU
		{ADD6C515-1FAB-479A-89F0-EFD08D8AE0B1}.Debug|Any CPU.ActiveCfg = Debug|Any CPU
		{ADD6C515-1FAB-479A-89F0-EFD08D8AE0B1}.Debug|Any CPU.Build.0 = Debug|Any CPU
		{ADD6C515-1FAB-479A-89F0-EFD08D8AE0B1}.Release|Any CPU.ActiveCfg = Release|Any CPU
		{ADD6C515-1FAB-479A-89F0-EFD08D8AE0B1}.Release|Any CPU.Build.0 = Release|Any CPU
		{AD0A5EB1-1E7E-43B5-86A5-85F84863C196}.Debug|Any CPU.ActiveCfg = Debug|Any CPU
		{AD0A5EB1-1E7E-43B5-86A5-85F84863C196}.Debug|Any CPU.Build.0 = Debug|Any CPU
		{AD0A5EB1-1E7E-43B5-86A5-85F84863C196}.Release|Any CPU.ActiveCfg = Release|Any CPU
		{AD0A5EB1-1E7E-43B5-86A5-85F84863C196}.Release|Any CPU.Build.0 = Release|Any CPU
		{3008D0BD-BCE5-44FB-8623-8E80170E55C3}.Debug|Any CPU.ActiveCfg = Debug|Any CPU
		{3008D0BD-BCE5-44FB-8623-8E80170E55C3}.Debug|Any CPU.Build.0 = Debug|Any CPU
		{3008D0BD-BCE5-44FB-8623-8E80170E55C3}.Release|Any CPU.ActiveCfg = Release|Any CPU
		{3008D0BD-BCE5-44FB-8623-8E80170E55C3}.Release|Any CPU.Build.0 = Release|Any CPU
	EndGlobalSection
	GlobalSection(SolutionProperties) = preSolution
		HideSolutionNode = FALSE
	EndGlobalSection
	GlobalSection(ExtensibilityGlobals) = postSolution
		SolutionGuid = {15563671-BDA0-4677-B142-6DB2BEF1251D}
	EndGlobalSection
EndGlobal
